
Microsoft Visual Studio Solution File, Format Version 12.00
# Visual Studio 15
VisualStudioVersion = 15.0.26228.9
MinimumVisualStudioVersion = 10.0.40219.1
Project("{FAE04EC0-301F-11D3-BF4B-00C04F79EFBC}") = "HiWiFiAPI", "HiWiFiAPI\HiWiFiAPI.csproj", "{000B8DD8-35C1-4D32-8358-DEEFB7A33745}"
EndProject
Project("{FAE04EC0-301F-11D3-BF4B-00C04F79EFBC}") = "APITest", "APITest\APITest.csproj", "{98786E72-A703-4B9D-A030-F664043B41BA}"
EndProject
Project("{FAE04EC0-301F-11D3-BF4B-00C04F79EFBC}") = "NetSpeedDemo", "NetSpeedDemo\NetSpeedDemo.csproj", "{BA08393D-5872-4143-8309-2B58A8179B3C}"
EndProject
Global
	GlobalSection(SolutionConfigurationPlatforms) = preSolution
		Debug|Any CPU = Debug|Any CPU
		Release|Any CPU = Release|Any CPU
	EndGlobalSection
	GlobalSection(ProjectConfigurationPlatforms) = postSolution
		{000B8DD8-35C1-4D32-8358-DEEFB7A33745}.Debug|Any CPU.ActiveCfg = Debug|Any CPU
		{000B8DD8-35C1-4D32-8358-DEEFB7A33745}.Debug|Any CPU.Build.0 = Debug|Any CPU
		{000B8DD8-35C1-4D32-8358-DEEFB7A33745}.Release|Any CPU.ActiveCfg = Release|Any CPU
		{000B8DD8-35C1-4D32-8358-DEEFB7A33745}.Release|Any CPU.Build.0 = Release|Any CPU
		{98786E72-A703-4B9D-A030-F664043B41BA}.Debug|Any CPU.ActiveCfg = Debug|Any CPU
		{98786E72-A703-4B9D-A030-F664043B41BA}.Debug|Any CPU.Build.0 = Debug|Any CPU
		{98786E72-A703-4B9D-A030-F664043B41BA}.Release|Any CPU.ActiveCfg = Release|Any CPU
		{98786E72-A703-4B9D-A030-F664043B41BA}.Release|Any CPU.Build.0 = Release|Any CPU
		{BA08393D-5872-4143-8309-2B58A8179B3C}.Debug|Any CPU.ActiveCfg = Debug|Any CPU
		{BA08393D-5872-4143-8309-2B58A8179B3C}.Debug|Any CPU.Build.0 = Debug|Any CPU
		{BA08393D-5872-4143-8309-2B58A8179B3C}.Release|Any CPU.ActiveCfg = Release|Any CPU
		{BA08393D-5872-4143-8309-2B58A8179B3C}.Release|Any CPU.Build.0 = Release|Any CPU
	EndGlobalSection
	GlobalSection(SolutionProperties) = preSolution
		HideSolutionNode = FALSE
	EndGlobalSection
EndGlobal
